// !$*UTF8*$!
{
	archiveVersion = 1;
	classes = {
	};
	objectVersion = 46;
	objects = {

/* Begin PBXBuildFile section */
		757E97D4503E99E5AFA990F3 /* Pods_iTunesCodingChallenge.framework in Frameworks */ = {isa = PBXBuildFile; fileRef = 418249F40D9423A3EBB714F7 /* Pods_iTunesCodingChallenge.framework */; };
		822945301E8067E300117FAE /* MovieTableViewCell.swift in Sources */ = {isa = PBXBuildFile; fileRef = 8229452F1E8067E300117FAE /* MovieTableViewCell.swift */; };
		82298C711E803D8F00A5E544 /* AppDelegate.swift in Sources */ = {isa = PBXBuildFile; fileRef = 82298C701E803D8F00A5E544 /* AppDelegate.swift */; };
		82298C731E803D8F00A5E544 /* MainTableViewController.swift in Sources */ = {isa = PBXBuildFile; fileRef = 82298C721E803D8F00A5E544 /* MainTableViewController.swift */; };
		82298C761E803D8F00A5E544 /* Main.storyboard in Resources */ = {isa = PBXBuildFile; fileRef = 82298C741E803D8F00A5E544 /* Main.storyboard */; };
		82298C791E803D8F00A5E544 /* iTunesCodingChallenge.xcdatamodeld in Sources */ = {isa = PBXBuildFile; fileRef = 82298C771E803D8F00A5E544 /* iTunesCodingChallenge.xcdatamodeld */; };
		82298C7B1E803D8F00A5E544 /* Assets.xcassets in Resources */ = {isa = PBXBuildFile; fileRef = 82298C7A1E803D8F00A5E544 /* Assets.xcassets */; };
		82298C7E1E803D8F00A5E544 /* LaunchScreen.storyboard in Resources */ = {isa = PBXBuildFile; fileRef = 82298C7C1E803D8F00A5E544 /* LaunchScreen.storyboard */; };
		823F6284210BEFA30035F236 /* Constant.swift in Sources */ = {isa = PBXBuildFile; fileRef = 823F6283210BEFA30035F236 /* Constant.swift */; };
		823F6286210C01F60035F236 /* PopMenuHelper.swift in Sources */ = {isa = PBXBuildFile; fileRef = 823F6285210C01F60035F236 /* PopMenuHelper.swift */; };
		823F6288210C14090035F236 /* Labels.swift in Sources */ = {isa = PBXBuildFile; fileRef = 823F6287210C14090035F236 /* Labels.swift */; };
		82820CB91E8478950083F75A /* FavoritesViewController.swift in Sources */ = {isa = PBXBuildFile; fileRef = 82820CB81E8478950083F75A /* FavoritesViewController.swift */; };
		82A772552104FD2E0024BAA1 /* GoogleService-Info.plist in Resources */ = {isa = PBXBuildFile; fileRef = 82A772542104FD2E0024BAA1 /* GoogleService-Info.plist */; };
		82B5A6A32065C96800D57249 /* APIHelper.swift in Sources */ = {isa = PBXBuildFile; fileRef = 82B5A6A22065C96800D57249 /* APIHelper.swift */; };
		82DD1C1020F121BD00820EA7 /* AppUser.swift in Sources */ = {isa = PBXBuildFile; fileRef = 82DD1C0F20F121BD00820EA7 /* AppUser.swift */; };
		82DD1C1220F1227400820EA7 /* Movie.swift in Sources */ = {isa = PBXBuildFile; fileRef = 82DD1C1120F1227400820EA7 /* Movie.swift */; };
		82F5CFD21E96C03000B3561C /* UserNotifications.framework in Frameworks */ = {isa = PBXBuildFile; fileRef = 82F5CFD11E96C03000B3561C /* UserNotifications.framework */; };
/* End PBXBuildFile section */

/* Begin PBXCopyFilesBuildPhase section */
		82F07BEF1E9FE4940062CACF /* Embed Watch Content */ = {
			isa = PBXCopyFilesBuildPhase;
			buildActionMask = 2147483647;
			dstPath = "$(CONTENTS_FOLDER_PATH)/Watch";
			dstSubfolderSpec = 16;
			files = (
			);
			name = "Embed Watch Content";
			runOnlyForDeploymentPostprocessing = 0;
		};
/* End PBXCopyFilesBuildPhase section */

/* Begin PBXFileReference section */
		09853BA1391C2F4967086734 /* Pods-iTunesCodingChallenge.debug.xcconfig */ = {isa = PBXFileReference; includeInIndex = 1; lastKnownFileType = text.xcconfig; name = "Pods-iTunesCodingChallenge.debug.xcconfig"; path = "Pods/Target Support Files/Pods-iTunesCodingChallenge/Pods-iTunesCodingChallenge.debug.xcconfig"; sourceTree = "<group>"; };
		418249F40D9423A3EBB714F7 /* Pods_iTunesCodingChallenge.framework */ = {isa = PBXFileReference; explicitFileType = wrapper.framework; includeInIndex = 0; path = Pods_iTunesCodingChallenge.framework; sourceTree = BUILT_PRODUCTS_DIR; };
		8229452F1E8067E300117FAE /* MovieTableViewCell.swift */ = {isa = PBXFileReference; fileEncoding = 4; lastKnownFileType = sourcecode.swift; path = MovieTableViewCell.swift; sourceTree = "<group>"; };
		82298C6D1E803D8F00A5E544 /* iTunesCodingChallenge.app */ = {isa = PBXFileReference; explicitFileType = wrapper.application; includeInIndex = 0; path = iTunesCodingChallenge.app; sourceTree = BUILT_PRODUCTS_DIR; };
		82298C701E803D8F00A5E544 /* AppDelegate.swift */ = {isa = PBXFileReference; lastKnownFileType = sourcecode.swift; path = AppDelegate.swift; sourceTree = "<group>"; };
		82298C721E803D8F00A5E544 /* MainTableViewController.swift */ = {isa = PBXFileReference; lastKnownFileType = sourcecode.swift; path = MainTableViewController.swift; sourceTree = "<group>"; };
		82298C751E803D8F00A5E544 /* Base */ = {isa = PBXFileReference; lastKnownFileType = file.storyboard; name = Base; path = Base.lproj/Main.storyboard; sourceTree = "<group>"; };
		82298C781E803D8F00A5E544 /* iTunesCodingChallenge.xcdatamodel */ = {isa = PBXFileReference; lastKnownFileType = wrapper.xcdatamodel; path = iTunesCodingChallenge.xcdatamodel; sourceTree = "<group>"; };
		82298C7A1E803D8F00A5E544 /* Assets.xcassets */ = {isa = PBXFileReference; lastKnownFileType = folder.assetcatalog; path = Assets.xcassets; sourceTree = "<group>"; };
		82298C7D1E803D8F00A5E544 /* Base */ = {isa = PBXFileReference; lastKnownFileType = file.storyboard; name = Base; path = Base.lproj/LaunchScreen.storyboard; sourceTree = "<group>"; };
		82298C7F1E803D8F00A5E544 /* Info.plist */ = {isa = PBXFileReference; lastKnownFileType = text.plist.xml; path = Info.plist; sourceTree = "<group>"; };
		823F6283210BEFA30035F236 /* Constant.swift */ = {isa = PBXFileReference; lastKnownFileType = sourcecode.swift; path = Constant.swift; sourceTree = "<group>"; };
		823F6285210C01F60035F236 /* PopMenuHelper.swift */ = {isa = PBXFileReference; lastKnownFileType = sourcecode.swift; path = PopMenuHelper.swift; sourceTree = "<group>"; };
		823F6287210C14090035F236 /* Labels.swift */ = {isa = PBXFileReference; lastKnownFileType = sourcecode.swift; path = Labels.swift; sourceTree = "<group>"; };
		82820CB81E8478950083F75A /* FavoritesViewController.swift */ = {isa = PBXFileReference; fileEncoding = 4; lastKnownFileType = sourcecode.swift; path = FavoritesViewController.swift; sourceTree = "<group>"; };
		82A772542104FD2E0024BAA1 /* GoogleService-Info.plist */ = {isa = PBXFileReference; fileEncoding = 4; lastKnownFileType = text.plist.xml; name = "GoogleService-Info.plist"; path = "../../../../Downloads/GoogleService-Info.plist"; sourceTree = "<group>"; };
		82B5A6A22065C96800D57249 /* APIHelper.swift */ = {isa = PBXFileReference; lastKnownFileType = sourcecode.swift; path = APIHelper.swift; sourceTree = "<group>"; };
		82DD1C0F20F121BD00820EA7 /* AppUser.swift */ = {isa = PBXFileReference; lastKnownFileType = sourcecode.swift; path = AppUser.swift; sourceTree = "<group>"; };
		82DD1C1120F1227400820EA7 /* Movie.swift */ = {isa = PBXFileReference; lastKnownFileType = sourcecode.swift; path = Movie.swift; sourceTree = "<group>"; };
		82DD1C1320F1683F00820EA7 /* iTunesCodingChallenge.entitlements */ = {isa = PBXFileReference; lastKnownFileType = text.plist.entitlements; path = iTunesCodingChallenge.entitlements; sourceTree = "<group>"; };
		82F5CFD11E96C03000B3561C /* UserNotifications.framework */ = {isa = PBXFileReference; lastKnownFileType = wrapper.framework; name = UserNotifications.framework; path = System/Library/Frameworks/UserNotifications.framework; sourceTree = SDKROOT; };
		A84BFCB3F04B3156EAC28F6D /* Pods-iTunesCodingChallenge.release.xcconfig */ = {isa = PBXFileReference; includeInIndex = 1; lastKnownFileType = text.xcconfig; name = "Pods-iTunesCodingChallenge.release.xcconfig"; path = "Pods/Target Support Files/Pods-iTunesCodingChallenge/Pods-iTunesCodingChallenge.release.xcconfig"; sourceTree = "<group>"; };
/* End PBXFileReference section */

/* Begin PBXFrameworksBuildPhase section */
		82298C6A1E803D8F00A5E544 /* Frameworks */ = {
			isa = PBXFrameworksBuildPhase;
			buildActionMask = 2147483647;
			files = (
				82F5CFD21E96C03000B3561C /* UserNotifications.framework in Frameworks */,
				757E97D4503E99E5AFA990F3 /* Pods_iTunesCodingChallenge.framework in Frameworks */,
			);
			runOnlyForDeploymentPostprocessing = 0;
		};
/* End PBXFrameworksBuildPhase section */

/* Begin PBXGroup section */
		82298C641E803D8F00A5E544 = {
			isa = PBXGroup;
			children = (
				82298C6F1E803D8F00A5E544 /* iTunesCodingChallenge */,
				82298C6E1E803D8F00A5E544 /* Products */,
				82F5CFD01E96C02F00B3561C /* Frameworks */,
				F0E28F77325C44F0E1383D00 /* Pods */,
			);
			sourceTree = "<group>";
		};
		82298C6E1E803D8F00A5E544 /* Products */ = {
			isa = PBXGroup;
			children = (
				82298C6D1E803D8F00A5E544 /* iTunesCodingChallenge.app */,
			);
			name = Products;
			sourceTree = "<group>";
		};
		82298C6F1E803D8F00A5E544 /* iTunesCodingChallenge */ = {
			isa = PBXGroup;
			children = (
				82DD1C1320F1683F00820EA7 /* iTunesCodingChallenge.entitlements */,
				82298C7F1E803D8F00A5E544 /* Info.plist */,
				82A772542104FD2E0024BAA1 /* GoogleService-Info.plist */,
				82EA603620F2829D00E9EFF8 /* Support */,
				823EB2BF20656D0300850A44 /* Model */,
				823EB2BE20656D0000850A44 /* View */,
				823EB2BD20656CFD00850A44 /* Controller */,
			);
			path = iTunesCodingChallenge;
			sourceTree = "<group>";
		};
		823EB2BD20656CFD00850A44 /* Controller */ = {
			isa = PBXGroup;
			children = (
				82298C721E803D8F00A5E544 /* MainTableViewController.swift */,
				82820CB81E8478950083F75A /* FavoritesViewController.swift */,
				82B5A6A22065C96800D57249 /* APIHelper.swift */,
			);
			path = Controller;
			sourceTree = "<group>";
		};
		823EB2BE20656D0000850A44 /* View */ = {
			isa = PBXGroup;
			children = (
				8229452F1E8067E300117FAE /* MovieTableViewCell.swift */,
			);
			path = View;
			sourceTree = "<group>";
		};
		823EB2BF20656D0300850A44 /* Model */ = {
			isa = PBXGroup;
			children = (
				82DD1C0F20F121BD00820EA7 /* AppUser.swift */,
				82DD1C1120F1227400820EA7 /* Movie.swift */,
			);
			path = Model;
			sourceTree = "<group>";
		};
		82EA603620F2829D00E9EFF8 /* Support */ = {
			isa = PBXGroup;
			children = (
				82298C701E803D8F00A5E544 /* AppDelegate.swift */,
				823F6283210BEFA30035F236 /* Constant.swift */,
				82298C741E803D8F00A5E544 /* Main.storyboard */,
				82298C7C1E803D8F00A5E544 /* LaunchScreen.storyboard */,
				82298C7A1E803D8F00A5E544 /* Assets.xcassets */,
				82298C771E803D8F00A5E544 /* iTunesCodingChallenge.xcdatamodeld */,
				823F6285210C01F60035F236 /* PopMenuHelper.swift */,
				823F6287210C14090035F236 /* Labels.swift */,
			);
			path = Support;
			sourceTree = "<group>";
		};
		82F5CFD01E96C02F00B3561C /* Frameworks */ = {
			isa = PBXGroup;
			children = (
				82F5CFD11E96C03000B3561C /* UserNotifications.framework */,
				418249F40D9423A3EBB714F7 /* Pods_iTunesCodingChallenge.framework */,
			);
			name = Frameworks;
			sourceTree = "<group>";
		};
		F0E28F77325C44F0E1383D00 /* Pods */ = {
			isa = PBXGroup;
			children = (
				09853BA1391C2F4967086734 /* Pods-iTunesCodingChallenge.debug.xcconfig */,
				A84BFCB3F04B3156EAC28F6D /* Pods-iTunesCodingChallenge.release.xcconfig */,
			);
			name = Pods;
			sourceTree = "<group>";
		};
/* End PBXGroup section */

/* Begin PBXNativeTarget section */
		82298C6C1E803D8F00A5E544 /* iTunesCodingChallenge */ = {
			isa = PBXNativeTarget;
			buildConfigurationList = 82298C821E803D8F00A5E544 /* Build configuration list for PBXNativeTarget "iTunesCodingChallenge" */;
			buildPhases = (
				A613D76C55ED25368B3C830B /* [CP] Check Pods Manifest.lock */,
				82298C691E803D8F00A5E544 /* Sources */,
				82298C6A1E803D8F00A5E544 /* Frameworks */,
				82298C6B1E803D8F00A5E544 /* Resources */,
				82F07BEF1E9FE4940062CACF /* Embed Watch Content */,
				E3952C8E0B603829EB82DDF1 /* [CP] Embed Pods Frameworks */,
			);
			buildRules = (
			);
			dependencies = (
			);
			name = iTunesCodingChallenge;
			productName = iTunesCodingChallenge;
			productReference = 82298C6D1E803D8F00A5E544 /* iTunesCodingChallenge.app */;
			productType = "com.apple.product-type.application";
		};
/* End PBXNativeTarget section */

/* Begin PBXProject section */
		82298C651E803D8F00A5E544 /* Project object */ = {
			isa = PBXProject;
			attributes = {
				LastSwiftUpdateCheck = 0820;
				LastUpgradeCheck = 0820;
				ORGANIZATIONNAME = "Caleb Rudnicki";
				TargetAttributes = {
					82298C6C1E803D8F00A5E544 = {
						CreatedOnToolsVersion = 8.2.1;
						DevelopmentTeam = 92DETN2MKQ;
						ProvisioningStyle = Automatic;
						SystemCapabilities = {
							com.apple.BackgroundModes = {
								enabled = 1;
							};
							com.apple.Push = {
								enabled = 1;
							};
						};
					};
				};
			};
			buildConfigurationList = 82298C681E803D8F00A5E544 /* Build configuration list for PBXProject "iTunesCodingChallenge" */;
			compatibilityVersion = "Xcode 3.2";
			developmentRegion = English;
			hasScannedForEncodings = 0;
			knownRegions = (
				en,
				Base,
			);
			mainGroup = 82298C641E803D8F00A5E544;
			productRefGroup = 82298C6E1E803D8F00A5E544 /* Products */;
			projectDirPath = "";
			projectRoot = "";
			targets = (
				82298C6C1E803D8F00A5E544 /* iTunesCodingChallenge */,
			);
		};
/* End PBXProject section */

/* Begin PBXResourcesBuildPhase section */
		82298C6B1E803D8F00A5E544 /* Resources */ = {
			isa = PBXResourcesBuildPhase;
			buildActionMask = 2147483647;
			files = (
				82298C7E1E803D8F00A5E544 /* LaunchScreen.storyboard in Resources */,
				82A772552104FD2E0024BAA1 /* GoogleService-Info.plist in Resources */,
				82298C7B1E803D8F00A5E544 /* Assets.xcassets in Resources */,
				82298C761E803D8F00A5E544 /* Main.storyboard in Resources */,
			);
			runOnlyForDeploymentPostprocessing = 0;
		};
/* End PBXResourcesBuildPhase section */

/* Begin PBXShellScriptBuildPhase section */
		A613D76C55ED25368B3C830B /* [CP] Check Pods Manifest.lock */ = {
			isa = PBXShellScriptBuildPhase;
			buildActionMask = 2147483647;
			files = (
			);
			inputPaths = (
				"${PODS_PODFILE_DIR_PATH}/Podfile.lock",
				"${PODS_ROOT}/Manifest.lock",
			);
			name = "[CP] Check Pods Manifest.lock";
			outputPaths = (
				"$(DERIVED_FILE_DIR)/Pods-iTunesCodingChallenge-checkManifestLockResult.txt",
			);
			runOnlyForDeploymentPostprocessing = 0;
			shellPath = /bin/sh;
			shellScript = "diff \"${PODS_PODFILE_DIR_PATH}/Podfile.lock\" \"${PODS_ROOT}/Manifest.lock\" > /dev/null\nif [ $? != 0 ] ; then\n    # print error to STDERR\n    echo \"error: The sandbox is not in sync with the Podfile.lock. Run 'pod install' or update your CocoaPods installation.\" >&2\n    exit 1\nfi\n# This output is used by Xcode 'outputs' to avoid re-running this script phase.\necho \"SUCCESS\" > \"${SCRIPT_OUTPUT_FILE_0}\"\n";
			showEnvVarsInLog = 0;
		};
		E3952C8E0B603829EB82DDF1 /* [CP] Embed Pods Frameworks */ = {
			isa = PBXShellScriptBuildPhase;
			buildActionMask = 2147483647;
			files = (
			);
			inputPaths = (
				"${SRCROOT}/Pods/Target Support Files/Pods-iTunesCodingChallenge/Pods-iTunesCodingChallenge-frameworks.sh",
				"${BUILT_PRODUCTS_DIR}/Armchair/Armchair.framework",
				"${BUILT_PRODUCTS_DIR}/CDAlertView/CDAlertView.framework",
				"${BUILT_PRODUCTS_DIR}/GTMSessionFetcher/GTMSessionFetcher.framework",
				"${BUILT_PRODUCTS_DIR}/GoogleToolboxForMac/GoogleToolboxForMac.framework",
				"${BUILT_PRODUCTS_DIR}/Kingfisher/Kingfisher.framework",
				"${BUILT_PRODUCTS_DIR}/NewPopMenu/PopMenu.framework",
				"${BUILT_PRODUCTS_DIR}/Onboard/Onboard.framework",
				"${BUILT_PRODUCTS_DIR}/Protobuf/Protobuf.framework",
				"${BUILT_PRODUCTS_DIR}/PureLayout/PureLayout.framework",
				"${BUILT_PRODUCTS_DIR}/SwiftyJSON/SwiftyJSON.framework",
				"${BUILT_PRODUCTS_DIR}/leveldb-library/leveldb.framework",
				"${BUILT_PRODUCTS_DIR}/nanopb/nanopb.framework",
			);
			name = "[CP] Embed Pods Frameworks";
			outputPaths = (
				"${TARGET_BUILD_DIR}/${FRAMEWORKS_FOLDER_PATH}/Armchair.framework",
				"${TARGET_BUILD_DIR}/${FRAMEWORKS_FOLDER_PATH}/CDAlertView.framework",
				"${TARGET_BUILD_DIR}/${FRAMEWORKS_FOLDER_PATH}/GTMSessionFetcher.framework",
				"${TARGET_BUILD_DIR}/${FRAMEWORKS_FOLDER_PATH}/GoogleToolboxForMac.framework",
				"${TARGET_BUILD_DIR}/${FRAMEWORKS_FOLDER_PATH}/Kingfisher.framework",
				"${TARGET_BUILD_DIR}/${FRAMEWORKS_FOLDER_PATH}/PopMenu.framework",
				"${TARGET_BUILD_DIR}/${FRAMEWORKS_FOLDER_PATH}/Onboard.framework",
				"${TARGET_BUILD_DIR}/${FRAMEWORKS_FOLDER_PATH}/Protobuf.framework",
				"${TARGET_BUILD_DIR}/${FRAMEWORKS_FOLDER_PATH}/PureLayout.framework",
				"${TARGET_BUILD_DIR}/${FRAMEWORKS_FOLDER_PATH}/SwiftyJSON.framework",
				"${TARGET_BUILD_DIR}/${FRAMEWORKS_FOLDER_PATH}/leveldb.framework",
				"${TARGET_BUILD_DIR}/${FRAMEWORKS_FOLDER_PATH}/nanopb.framework",
			);
			runOnlyForDeploymentPostprocessing = 0;
			shellPath = /bin/sh;
			shellScript = "\"${SRCROOT}/Pods/Target Support Files/Pods-iTunesCodingChallenge/Pods-iTunesCodingChallenge-frameworks.sh\"\n";
			showEnvVarsInLog = 0;
		};
/* End PBXShellScriptBuildPhase section */

/* Begin PBXSourcesBuildPhase section */
		82298C691E803D8F00A5E544 /* Sources */ = {
			isa = PBXSourcesBuildPhase;
			buildActionMask = 2147483647;
			files = (
				82298C791E803D8F00A5E544 /* iTunesCodingChallenge.xcdatamodeld in Sources */,
				82820CB91E8478950083F75A /* FavoritesViewController.swift in Sources */,
				823F6284210BEFA30035F236 /* Constant.swift in Sources */,
				82DD1C1220F1227400820EA7 /* Movie.swift in Sources */,
				823F6286210C01F60035F236 /* PopMenuHelper.swift in Sources */,
				82B5A6A32065C96800D57249 /* APIHelper.swift in Sources */,
				82DD1C1020F121BD00820EA7 /* AppUser.swift in Sources */,
				822945301E8067E300117FAE /* MovieTableViewCell.swift in Sources */,
				82298C731E803D8F00A5E544 /* MainTableViewController.swift in Sources */,
				82298C711E803D8F00A5E544 /* AppDelegate.swift in Sources */,
				823F6288210C14090035F236 /* Labels.swift in Sources */,
			);
			runOnlyForDeploymentPostprocessing = 0;
		};
/* End PBXSourcesBuildPhase section */

/* Begin PBXVariantGroup section */
		82298C741E803D8F00A5E544 /* Main.storyboard */ = {
			isa = PBXVariantGroup;
			children = (
				82298C751E803D8F00A5E544 /* Base */,
			);
			name = Main.storyboard;
			sourceTree = "<group>";
		};
		82298C7C1E803D8F00A5E544 /* LaunchScreen.storyboard */ = {
			isa = PBXVariantGroup;
			children = (
				82298C7D1E803D8F00A5E544 /* Base */,
			);
			name = LaunchScreen.storyboard;
			sourceTree = "<group>";
		};
/* End PBXVariantGroup section */

/* Begin XCBuildConfiguration section */
		82298C801E803D8F00A5E544 /* Debug */ = {
			isa = XCBuildConfiguration;
			buildSettings = {
				ALWAYS_SEARCH_USER_PATHS = NO;
				CLANG_ANALYZER_NONNULL = YES;
				CLANG_CXX_LANGUAGE_STANDARD = "gnu++0x";
				CLANG_CXX_LIBRARY = "libc++";
				CLANG_ENABLE_MODULES = YES;
				CLANG_ENABLE_OBJC_ARC = YES;
				CLANG_WARN_BOOL_CONVERSION = YES;
				CLANG_WARN_CONSTANT_CONVERSION = YES;
				CLANG_WARN_DIRECT_OBJC_ISA_USAGE = YES_ERROR;
				CLANG_WARN_DOCUMENTATION_COMMENTS = YES;
				CLANG_WARN_EMPTY_BODY = YES;
				CLANG_WARN_ENUM_CONVERSION = YES;
				CLANG_WARN_INFINITE_RECURSION = YES;
				CLANG_WARN_INT_CONVERSION = YES;
				CLANG_WARN_OBJC_ROOT_CLASS = YES_ERROR;
				CLANG_WARN_SUSPICIOUS_MOVE = YES;
				CLANG_WARN_UNREACHABLE_CODE = YES;
				CLANG_WARN__DUPLICATE_METHOD_MATCH = YES;
				"CODE_SIGN_IDENTITY[sdk=iphoneos*]" = "iPhone Developer";
				COPY_PHASE_STRIP = NO;
				DEBUG_INFORMATION_FORMAT = dwarf;
				ENABLE_STRICT_OBJC_MSGSEND = YES;
				ENABLE_TESTABILITY = YES;
				GCC_C_LANGUAGE_STANDARD = gnu99;
				GCC_DYNAMIC_NO_PIC = NO;
				GCC_NO_COMMON_BLOCKS = YES;
				GCC_OPTIMIZATION_LEVEL = 0;
				GCC_PREPROCESSOR_DEFINITIONS = (
					"DEBUG=1",
					"$(inherited)",
				);
				GCC_WARN_64_TO_32_BIT_CONVERSION = YES;
				GCC_WARN_ABOUT_RETURN_TYPE = YES_ERROR;
				GCC_WARN_UNDECLARED_SELECTOR = YES;
				GCC_WARN_UNINITIALIZED_AUTOS = YES_AGGRESSIVE;
				GCC_WARN_UNUSED_FUNCTION = YES;
				GCC_WARN_UNUSED_VARIABLE = YES;
				IPHONEOS_DEPLOYMENT_TARGET = 10.2;
				MTL_ENABLE_DEBUG_INFO = YES;
				ONLY_ACTIVE_ARCH = YES;
				SDKROOT = iphoneos;
				SWIFT_ACTIVE_COMPILATION_CONDITIONS = DEBUG;
				SWIFT_OPTIMIZATION_LEVEL = "-Onone";
			};
			name = Debug;
		};
		82298C811E803D8F00A5E544 /* Release */ = {
			isa = XCBuildConfiguration;
			buildSettings = {
				ALWAYS_SEARCH_USER_PATHS = NO;
				CLANG_ANALYZER_NONNULL = YES;
				CLANG_CXX_LANGUAGE_STANDARD = "gnu++0x";
				CLANG_CXX_LIBRARY = "libc++";
				CLANG_ENABLE_MODULES = YES;
				CLANG_ENABLE_OBJC_ARC = YES;
				CLANG_WARN_BOOL_CONVERSION = YES;
				CLANG_WARN_CONSTANT_CONVERSION = YES;
				CLANG_WARN_DIRECT_OBJC_ISA_USAGE = YES_ERROR;
				CLANG_WARN_DOCUMENTATION_COMMENTS = YES;
				CLANG_WARN_EMPTY_BODY = YES;
				CLANG_WARN_ENUM_CONVERSION = YES;
				CLANG_WARN_INFINITE_RECURSION = YES;
				CLANG_WARN_INT_CONVERSION = YES;
				CLANG_WARN_OBJC_ROOT_CLASS = YES_ERROR;
				CLANG_WARN_SUSPICIOUS_MOVE = YES;
				CLANG_WARN_UNREACHABLE_CODE = YES;
				CLANG_WARN__DUPLICATE_METHOD_MATCH = YES;
				"CODE_SIGN_IDENTITY[sdk=iphoneos*]" = "iPhone Developer";
				COPY_PHASE_STRIP = NO;
				DEBUG_INFORMATION_FORMAT = "dwarf-with-dsym";
				ENABLE_NS_ASSERTIONS = NO;
				ENABLE_STRICT_OBJC_MSGSEND = YES;
				GCC_C_LANGUAGE_STANDARD = gnu99;
				GCC_NO_COMMON_BLOCKS = YES;
				GCC_WARN_64_TO_32_BIT_CONVERSION = YES;
				GCC_WARN_ABOUT_RETURN_TYPE = YES_ERROR;
				GCC_WARN_UNDECLARED_SELECTOR = YES;
				GCC_WARN_UNINITIALIZED_AUTOS = YES_AGGRESSIVE;
				GCC_WARN_UNUSED_FUNCTION = YES;
				GCC_WARN_UNUSED_VARIABLE = YES;
				IPHONEOS_DEPLOYMENT_TARGET = 10.2;
				MTL_ENABLE_DEBUG_INFO = NO;
				SDKROOT = iphoneos;
				SWIFT_OPTIMIZATION_LEVEL = "-Owholemodule";
				VALIDATE_PRODUCT = YES;
			};
			name = Release;
		};
		82298C831E803D8F00A5E544 /* Debug */ = {
			isa = XCBuildConfiguration;
			baseConfigurationReference = 09853BA1391C2F4967086734 /* Pods-iTunesCodingChallenge.debug.xcconfig */;
			buildSettings = {
				ASSETCATALOG_COMPILER_APPICON_NAME = AppIcon;
				CODE_SIGN_ENTITLEMENTS = iTunesCodingChallenge/iTunesCodingChallenge.entitlements;
				DEVELOPMENT_TEAM = 92DETN2MKQ;
				INFOPLIST_FILE = iTunesCodingChallenge/Info.plist;
				LD_RUNPATH_SEARCH_PATHS = "$(inherited) @executable_path/Frameworks";
				PRODUCT_BUNDLE_IDENTIFIER = com.calebrudnicki.top25;
				PRODUCT_NAME = "$(TARGET_NAME)";
				SWIFT_VERSION = 3.0;
			};
			name = Debug;
		};
		82298C841E803D8F00A5E544 /* Release */ = {
			isa = XCBuildConfiguration;
			baseConfigurationReference = A84BFCB3F04B3156EAC28F6D /* Pods-iTunesCodingChallenge.release.xcconfig */;
			buildSettings = {
				ASSETCATALOG_COMPILER_APPICON_NAME = AppIcon;
				CODE_SIGN_ENTITLEMENTS = iTunesCodingChallenge/iTunesCodingChallenge.entitlements;
				DEVELOPMENT_TEAM = 92DETN2MKQ;
				INFOPLIST_FILE = iTunesCodingChallenge/Info.plist;
				LD_RUNPATH_SEARCH_PATHS = "$(inherited) @executable_path/Frameworks";
				PRODUCT_BUNDLE_IDENTIFIER = com.calebrudnicki.top25;
				PRODUCT_NAME = "$(TARGET_NAME)";
				SWIFT_VERSION = 3.0;
			};
			name = Release;
		};
/* End XCBuildConfiguration section */

/* Begin XCConfigurationList section */
		82298C681E803D8F00A5E544 /* Build configuration list for PBXProject "iTunesCodingChallenge" */ = {
			isa = XCConfigurationList;
			buildConfigurations = (
				82298C801E803D8F00A5E544 /* Debug */,
				82298C811E803D8F00A5E544 /* Release */,
			);
			defaultConfigurationIsVisible = 0;
			defaultConfigurationName = Release;
		};
		82298C821E803D8F00A5E544 /* Build configuration list for PBXNativeTarget "iTunesCodingChallenge" */ = {
			isa = XCConfigurationList;
			buildConfigurations = (
				82298C831E803D8F00A5E544 /* Debug */,
				82298C841E803D8F00A5E544 /* Release */,
			);
			defaultConfigurationIsVisible = 0;
			defaultConfigurationName = Release;
		};
/* End XCConfigurationList section */

/* Begin XCVersionGroup section */
		82298C771E803D8F00A5E544 /* iTunesCodingChallenge.xcdatamodeld */ = {
			isa = XCVersionGroup;
			children = (
				82298C781E803D8F00A5E544 /* iTunesCodingChallenge.xcdatamodel */,
			);
			currentVersion = 82298C781E803D8F00A5E544 /* iTunesCodingChallenge.xcdatamodel */;
			path = iTunesCodingChallenge.xcdatamodeld;
			sourceTree = "<group>";
			versionGroupType = wrapper.xcdatamodel;
		};
/* End XCVersionGroup section */
	};
	rootObject = 82298C651E803D8F00A5E544 /* Project object */;
}
